{
  "name": "MRProjekat",
  "lockfileVersion": 3,
  "requires": true,
  "packages": {
    "": {
      "devDependencies": {
        "@types/mime": "^3.0.4"
      }
    },
    "node_modules/@types/mime": {
      "version": "3.0.4",
      "resolved": "https://registry.npmjs.org/@types/mime/-/mime-3.0.4.tgz",
      "integrity": "sha512-iJt33IQnVRkqeqC7PzBHPTC6fDlRNRW8vjrgqtScAhrmMwe8c4Eo7+fUGTa+XdWrpEgpyKWMYmi2dIwMAYRzPw==",
      "dev": true,
      "license": "MIT"
    }
  }
}
